version: 1.0
shards:
  exception_page:
    github: crystal-loot/exception_page
    version: 0.1.1

  kemal:
    github: kemalcr/kemal
    commit: 8bfc3313e92b04e4f2ef013641082426f600d8d5

  kilt:
    github: jeromegn/kilt
    version: 0.4.0

  radix:
    github: luislavena/radix
    version: 0.3.8

